
Microsoft Visual Studio Solution File, Format Version 12.00
# Visual Studio Version 17
VisualStudioVersion = 17.11.35327.3
MinimumVisualStudioVersion = 10.0.40219.1
Project("{FAE04EC0-301F-11D3-BF4B-00C04F79EFBC}") = "1_Elementare_Syntax", "1_Elementare_Syntax\1_Elementare_Syntax.csproj", "{A25D0247-09EE-4C38-9966-6378A031E834}"
EndProject
Project("{FAE04EC0-301F-11D3-BF4B-00C04F79EFBC}") = "2_Konsolenausgabe", "2_Konsolenausgabe\2_Konsolenausgabe.csproj", "{4EA11F04-F171-4049-849C-4AAD85581698}"
EndProject
Global
	GlobalSection(SolutionConfigurationPlatforms) = preSolution
		Debug|Any CPU = Debug|Any CPU
		Release|Any CPU = Release|Any CPU
	EndGlobalSection
	GlobalSection(ProjectConfigurationPlatforms) = postSolution
		{A25D0247-09EE-4C38-9966-6378A031E834}.Debug|Any CPU.ActiveCfg = Debug|Any CPU
		{A25D0247-09EE-4C38-9966-6378A031E834}.Debug|Any CPU.Build.0 = Debug|Any CPU
		{A25D0247-09EE-4C38-9966-6378A031E834}.Release|Any CPU.ActiveCfg = Release|Any CPU
		{A25D0247-09EE-4C38-9966-6378A031E834}.Release|Any CPU.Build.0 = Release|Any CPU
		{4EA11F04-F171-4049-849C-4AAD85581698}.Debug|Any CPU.ActiveCfg = Debug|Any CPU
		{4EA11F04-F171-4049-849C-4AAD85581698}.Debug|Any CPU.Build.0 = Debug|Any CPU
		{4EA11F04-F171-4049-849C-4AAD85581698}.Release|Any CPU.ActiveCfg = Release|Any CPU
		{4EA11F04-F171-4049-849C-4AAD85581698}.Release|Any CPU.Build.0 = Release|Any CPU
	EndGlobalSection
	GlobalSection(SolutionProperties) = preSolution
		HideSolutionNode = FALSE
	EndGlobalSection
	GlobalSection(ExtensibilityGlobals) = postSolution
		SolutionGuid = {38A31909-5497-4ADC-A3EF-D519B7936BE4}
	EndGlobalSection
EndGlobal
